Microsoft Visual Studio Solution File, Format Version 12.00
# Visual Studio Version 17
VisualStudioVersion = 17.11.35312.102
MinimumVisualStudioVersion = 10.0.40219.1
Project("{9A19103F-16F7-4668-BE54-9A1E7A4F7556}") = "EventsApp.AppHost", "EventsApp.AppHost\EventsApp.AppHost.csproj", "{A2B4A965-3BA7-4AF3-B3EC-03127795561C}"
EndProject
Project("{9A19103F-16F7-4668-BE54-9A1E7A4F7556}") = "EventsApp.ServiceDefaults", "EventsApp.ServiceDefaults\EventsApp.ServiceDefaults.csproj", "{6D65404B-ABE5-4F7D-B874-F4E97DDAB66C}"
EndProject
Project("{9A19103F-16F7-4668-BE54-9A1E7A4F7556}") = "EventsApp.ApiGateway", "EventsApp.ApiGateway\EventsApp.ApiGateway.csproj", "{88C88864-4243-4928-A788-DB968094B914}"
EndProject
Project("{9A19103F-16F7-4668-BE54-9A1E7A4F7556}") = "UnitTests", "UnitTests\UnitTests.csproj", "{F57368D9-DD46-4167-AF98-EFCE1722C85E}"
EndProject
Project("{54A90642-561A-4BB1-A94E-469ADEE60C69}") = "EventsApp.Client", "EventsApp.Client\EventsApp.Client.esproj", "{47163DB3-A601-4642-BD52-55E1E44B3D08}"
EndProject
Project("{2150E333-8FDC-42A3-9474-1A3956D46DE8}") = "AuthorisationService", "AuthorisationService", "{A1031275-4A6F-45CB-9E58-7BD78328CCD5}"
EndProject
Project("{2150E333-8FDC-42A3-9474-1A3956D46DE8}") = "EventsService", "EventsService", "{95AE4BEE-6401-4922-B43B-1ED251A9A181}"
EndProject
Project("{9A19103F-16F7-4668-BE54-9A1E7A4F7556}") = "AuthorisationService.Domain", "AuthorisationService\AuthorisationService.Domain\AuthorisationService.Domain.csproj", "{1559BA41-1983-4A4E-B757-EB8FC24F4A6A}"
EndProject
Project("{9A19103F-16F7-4668-BE54-9A1E7A4F7556}") = "AuthorisationService.Application", "AuthorisationService\AuthorisationService.Application\AuthorisationService.Application.csproj", "{3125C19D-414D-420F-8D91-CD54424C42EA}"
	ProjectSection(ProjectDependencies) = postProject
		{1559BA41-1983-4A4E-B757-EB8FC24F4A6A} = {1559BA41-1983-4A4E-B757-EB8FC24F4A6A}
	EndProjectSection
EndProject
Project("{9A19103F-16F7-4668-BE54-9A1E7A4F7556}") = "AuthorisationService.API", "AuthorisationService\AuthorisationService.API\AuthorisationService.API.csproj", "{3B250959-E28B-440B-B9F7-E1F868309CF3}"
EndProject
Project("{9A19103F-16F7-4668-BE54-9A1E7A4F7556}") = "EventsService.Domain", "EventsService\EventsService.Domain\EventsService.Domain.csproj", "{2A5187B3-F138-47D4-88D5-5EE473C3824F}"
EndProject
Project("{9A19103F-16F7-4668-BE54-9A1E7A4F7556}") = "EventsService.Application", "EventsService\EventsService.Application\EventsService.Application.csproj", "{E9EC3C03-1334-401E-A97D-37EAF0FFF907}"
EndProject
Project("{9A19103F-16F7-4668-BE54-9A1E7A4F7556}") = "EventsService.Infrustructure", "EventsService\EventsService.Infrustructure\EventsService.Infrustructure.csproj", "{9EAAF270-2547-42EA-BD97-D151361D73A4}"
EndProject
Project("{9A19103F-16F7-4668-BE54-9A1E7A4F7556}") = "EventsService.API", "EventsService\EventsService.API\EventsService.API.csproj", "{A86FB4FC-8B7F-4D03-B0C9-96DBE7622C33}"
EndProject
Project("{FAE04EC0-301F-11D3-BF4B-00C04F79EFBC}") = "AuthorisationService.Infrastructure", "AuthorisationService\AuthorisationService.Infrastructure\AuthorisationService.Infrastructure.csproj", "{30FF53EF-8F3B-47A6-AC25-2B55494BA862}"
EndProject
Global
	GlobalSection(SolutionConfigurationPlatforms) = preSolution
		Debug|Any CPU = Debug|Any CPU
		Release|Any CPU = Release|Any CPU
	EndGlobalSection
	GlobalSection(ProjectConfigurationPlatforms) = postSolution
		{A2B4A965-3BA7-4AF3-B3EC-03127795561C}.Debug|Any CPU.ActiveCfg = Debug|Any CPU
		{A2B4A965-3BA7-4AF3-B3EC-03127795561C}.Debug|Any CPU.Build.0 = Debug|Any CPU
		{A2B4A965-3BA7-4AF3-B3EC-03127795561C}.Release|Any CPU.ActiveCfg = Release|Any CPU
		{A2B4A965-3BA7-4AF3-B3EC-03127795561C}.Release|Any CPU.Build.0 = Release|Any CPU
		{6D65404B-ABE5-4F7D-B874-F4E97DDAB66C}.Debug|Any CPU.ActiveCfg = Debug|Any CPU
		{6D65404B-ABE5-4F7D-B874-F4E97DDAB66C}.Debug|Any CPU.Build.0 = Debug|Any CPU
		{6D65404B-ABE5-4F7D-B874-F4E97DDAB66C}.Release|Any CPU.ActiveCfg = Release|Any CPU
		{6D65404B-ABE5-4F7D-B874-F4E97DDAB66C}.Release|Any CPU.Build.0 = Release|Any CPU
		{88C88864-4243-4928-A788-DB968094B914}.Debug|Any CPU.ActiveCfg = Debug|Any CPU
		{88C88864-4243-4928-A788-DB968094B914}.Debug|Any CPU.Build.0 = Debug|Any CPU
		{88C88864-4243-4928-A788-DB968094B914}.Release|Any CPU.ActiveCfg = Release|Any CPU
		{88C88864-4243-4928-A788-DB968094B914}.Release|Any CPU.Build.0 = Release|Any CPU
		{F57368D9-DD46-4167-AF98-EFCE1722C85E}.Debug|Any CPU.ActiveCfg = Debug|Any CPU
		{F57368D9-DD46-4167-AF98-EFCE1722C85E}.Debug|Any CPU.Build.0 = Debug|Any CPU
		{F57368D9-DD46-4167-AF98-EFCE1722C85E}.Release|Any CPU.ActiveCfg = Release|Any CPU
		{F57368D9-DD46-4167-AF98-EFCE1722C85E}.Release|Any CPU.Build.0 = Release|Any CPU
		{47163DB3-A601-4642-BD52-55E1E44B3D08}.Debug|Any CPU.ActiveCfg = Debug|Any CPU
		{47163DB3-A601-4642-BD52-55E1E44B3D08}.Debug|Any CPU.Build.0 = Debug|Any CPU
		{47163DB3-A601-4642-BD52-55E1E44B3D08}.Debug|Any CPU.Deploy.0 = Debug|Any CPU
		{47163DB3-A601-4642-BD52-55E1E44B3D08}.Release|Any CPU.ActiveCfg = Release|Any CPU
		{47163DB3-A601-4642-BD52-55E1E44B3D08}.Release|Any CPU.Build.0 = Release|Any CPU
		{47163DB3-A601-4642-BD52-55E1E44B3D08}.Release|Any CPU.Deploy.0 = Release|Any CPU
		{1559BA41-1983-4A4E-B757-EB8FC24F4A6A}.Debug|Any CPU.ActiveCfg = Debug|Any CPU
		{1559BA41-1983-4A4E-B757-EB8FC24F4A6A}.Debug|Any CPU.Build.0 = Debug|Any CPU
		{1559BA41-1983-4A4E-B757-EB8FC24F4A6A}.Release|Any CPU.ActiveCfg = Release|Any CPU
		{1559BA41-1983-4A4E-B757-EB8FC24F4A6A}.Release|Any CPU.Build.0 = Release|Any CPU
		{3125C19D-414D-420F-8D91-CD54424C42EA}.Debug|Any CPU.ActiveCfg = Debug|Any CPU
		{3125C19D-414D-420F-8D91-CD54424C42EA}.Debug|Any CPU.Build.0 = Debug|Any CPU
		{3125C19D-414D-420F-8D91-CD54424C42EA}.Release|Any CPU.ActiveCfg = Release|Any CPU
		{3125C19D-414D-420F-8D91-CD54424C42EA}.Release|Any CPU.Build.0 = Release|Any CPU
		{3B250959-E28B-440B-B9F7-E1F868309CF3}.Debug|Any CPU.ActiveCfg = Debug|Any CPU
		{3B250959-E28B-440B-B9F7-E1F868309CF3}.Debug|Any CPU.Build.0 = Debug|Any CPU
		{3B250959-E28B-440B-B9F7-E1F868309CF3}.Release|Any CPU.ActiveCfg = Release|Any CPU
		{3B250959-E28B-440B-B9F7-E1F868309CF3}.Release|Any CPU.Build.0 = Release|Any CPU
		{2A5187B3-F138-47D4-88D5-5EE473C3824F}.Debug|Any CPU.ActiveCfg = Debug|Any CPU
		{2A5187B3-F138-47D4-88D5-5EE473C3824F}.Debug|Any CPU.Build.0 = Debug|Any CPU
		{2A5187B3-F138-47D4-88D5-5EE473C3824F}.Release|Any CPU.ActiveCfg = Release|Any CPU
		{2A5187B3-F138-47D4-88D5-5EE473C3824F}.Release|Any CPU.Build.0 = Release|Any CPU
		{E9EC3C03-1334-401E-A97D-37EAF0FFF907}.Debug|Any CPU.ActiveCfg = Debug|Any CPU
		{E9EC3C03-1334-401E-A97D-37EAF0FFF907}.Debug|Any CPU.Build.0 = Debug|Any CPU
		{E9EC3C03-1334-401E-A97D-37EAF0FFF907}.Release|Any CPU.ActiveCfg = Release|Any CPU
		{E9EC3C03-1334-401E-A97D-37EAF0FFF907}.Release|Any CPU.Build.0 = Release|Any CPU
		{9EAAF270-2547-42EA-BD97-D151361D73A4}.Debug|Any CPU.ActiveCfg = Debug|Any CPU
		{9EAAF270-2547-42EA-BD97-D151361D73A4}.Debug|Any CPU.Build.0 = Debug|Any CPU
		{9EAAF270-2547-42EA-BD97-D151361D73A4}.Release|Any CPU.ActiveCfg = Release|Any CPU
		{9EAAF270-2547-42EA-BD97-D151361D73A4}.Release|Any CPU.Build.0 = Release|Any CPU
		{A86FB4FC-8B7F-4D03-B0C9-96DBE7622C33}.Debug|Any CPU.ActiveCfg = Debug|Any CPU
		{A86FB4FC-8B7F-4D03-B0C9-96DBE7622C33}.Debug|Any CPU.Build.0 = Debug|Any CPU
		{A86FB4FC-8B7F-4D03-B0C9-96DBE7622C33}.Release|Any CPU.ActiveCfg = Release|Any CPU
		{A86FB4FC-8B7F-4D03-B0C9-96DBE7622C33}.Release|Any CPU.Build.0 = Release|Any CPU
		{30FF53EF-8F3B-47A6-AC25-2B55494BA862}.Debug|Any CPU.ActiveCfg = Debug|Any CPU
		{30FF53EF-8F3B-47A6-AC25-2B55494BA862}.Debug|Any CPU.Build.0 = Debug|Any CPU
		{30FF53EF-8F3B-47A6-AC25-2B55494BA862}.Release|Any CPU.ActiveCfg = Release|Any CPU
		{30FF53EF-8F3B-47A6-AC25-2B55494BA862}.Release|Any CPU.Build.0 = Release|Any CPU
	EndGlobalSection
	GlobalSection(SolutionProperties) = preSolution
		HideSolutionNode = FALSE
	EndGlobalSection
	GlobalSection(NestedProjects) = preSolution
		{1559BA41-1983-4A4E-B757-EB8FC24F4A6A} = {A1031275-4A6F-45CB-9E58-7BD78328CCD5}
		{3125C19D-414D-420F-8D91-CD54424C42EA} = {A1031275-4A6F-45CB-9E58-7BD78328CCD5}
		{3B250959-E28B-440B-B9F7-E1F868309CF3} = {A1031275-4A6F-45CB-9E58-7BD78328CCD5}
		{2A5187B3-F138-47D4-88D5-5EE473C3824F} = {95AE4BEE-6401-4922-B43B-1ED251A9A181}
		{E9EC3C03-1334-401E-A97D-37EAF0FFF907} = {95AE4BEE-6401-4922-B43B-1ED251A9A181}
		{9EAAF270-2547-42EA-BD97-D151361D73A4} = {95AE4BEE-6401-4922-B43B-1ED251A9A181}
		{A86FB4FC-8B7F-4D03-B0C9-96DBE7622C33} = {95AE4BEE-6401-4922-B43B-1ED251A9A181}
		{30FF53EF-8F3B-47A6-AC25-2B55494BA862} = {A1031275-4A6F-45CB-9E58-7BD78328CCD5}
	EndGlobalSection
	GlobalSection(ExtensibilityGlobals) = postSolution
		SolutionGuid = {5A5EB342-C595-44DA-9099-3A6E0B6778DA}
	EndGlobalSection
EndGlobal
